{
  "name": "@frank4up/cassandra-migrate",
  "version": "1.2.7",
  "lockfileVersion": 3,
  "requires": true,
  "packages": {
    "": {
      "name": "@frank4up/cassandra-migrate",
      "version": "1.2.7",
      "license": "MIT",
      "dependencies": {
        "@frank4up/cassandra-driver": "^4.7.2",
        "async": "^0.9.0",
        "commander": "^2.8.1"
      },
      "bin": {
        "cassandra-migrate": "app.js"
      },
      "devDependencies": {}
    },
    "node_modules/@frank4up/cassandra-driver": {
      "version": "4.7.2",
      "resolved": "https://registry.npmjs.org/@frank4up/cassandra-driver/-/cassandra-driver-4.7.2.tgz",
      "integrity": "sha512-ZzuBttzY6g+cZ5QfiuRS2GDehHQClkxJZduKZUGdkb/fcEXL4E9iwTOrSp52NC95XDPHV33wDiTIJwFvrCbJ3Q==",
      "license": "Apache-2.0",
      "dependencies": {
        "@types/node": "^18.11.18",
        "adm-zip": "~0.5.10",
        "long": "~5.2.3"
      },
      "engines": {
        "node": ">=16"
      }
    },
    "node_modules/@frank4up/cassandra-driver/node_modules/@types/node": {
      "version": "18.19.76",
      "resolved": "https://registry.npmjs.org/@types/node/-/node-18.19.76.tgz",
      "integrity": "sha512-yvR7Q9LdPz2vGpmpJX5LolrgRdWvB67MJKDPSgIIzpFbaf9a1j/f5DnLp5VDyHGMR0QZHlTr1afsD87QCXFHKw==",
      "license": "MIT",
      "dependencies": {
        "undici-types": "~5.26.4"
      }
    },
    "node_modules/@frank4up/cassandra-driver/node_modules/undici-types": {
      "version": "5.26.5",
      "resolved": "https://registry.npmjs.org/undici-types/-/undici-types-5.26.5.tgz",
      "integrity": "sha512-JlCMO+ehdEIKqlFxk6IfVoAUVmgz7cU7zD/h9XZ0qzeosSHmUJVOzSQvvYSYWXkFXC+IfLKSIffhv0sVZup6pA==",
      "license": "MIT"
    },
    "node_modules/adm-zip": {
      "version": "0.5.16",
      "resolved": "https://registry.npmjs.org/adm-zip/-/adm-zip-0.5.16.tgz",
      "integrity": "sha512-TGw5yVi4saajsSEgz25grObGHEUaDrniwvA2qwSC060KfqGPdglhvPMA2lPIoxs3PQIItj2iag35fONcQqgUaQ==",
      "license": "MIT",
      "engines": {
        "node": ">=12.0"
      }
    },
    "node_modules/async": {
      "version": "0.9.2",
      "resolved": "https://registry.npmjs.org/async/-/async-0.9.2.tgz",
      "integrity": "sha512-l6ToIJIotphWahxxHyzK9bnLR6kM4jJIIgLShZeqLY7iboHoGkdgFl7W2/Ivi4SkMJYGKqW8vSuk0uKUj6qsSw==",
      "license": "MIT"
    },
    "node_modules/commander": {
      "version": "2.20.3",
      "resolved": "https://registry.npmjs.org/commander/-/commander-2.20.3.tgz",
      "integrity": "sha512-GpVkmM8vF2vQUkj2LvZmD35JxeJOLCwJ9cUkugyk2nuhbv3+mJvpLYYt+0+USMxE+oj+ey/lJEnhZw75x/OMcQ==",
      "license": "MIT"
    },
    "node_modules/long": {
      "version": "5.2.5",
      "resolved": "https://registry.npmjs.org/long/-/long-5.2.5.tgz",
      "integrity": "sha512-e0r9YBBgNCq1D1o5Dp8FMH0N5hsFtXDBiVa0qoJPHpakvZkmDKPRoGffZJII/XsHvj9An9blm+cRJ01yQqU+Dw==",
      "license": "Apache-2.0"
    }
  }
}
